{
  "name": "lamborghini",
  "lockfileVersion": 2,
  "requires": true,
  "packages": {
    "": {
      "dependencies": {
        "swiper": "^9.0.2"
      }
    },
    "node_modules/ssr-window": {
      "version": "4.0.2",
      "resolved": "https://registry.npmjs.org/ssr-window/-/ssr-window-4.0.2.tgz",
      "integrity": "sha512-ISv/Ch+ig7SOtw7G2+qkwfVASzazUnvlDTwypdLoPoySv+6MqlOV10VwPSE6EWkGjhW50lUmghPmpYZXMu/+AQ=="
    },
    "node_modules/swiper": {
      "version": "9.0.2",
      "resolved": "https://registry.npmjs.org/swiper/-/swiper-9.0.2.tgz",
      "integrity": "sha512-6iGqr9OeEMU7KVfGxXNW+xhVWmqvVhtt+1nnqbZ0a0i1p/S1rXgr9cPD55k7DFxeOojVHkiEqmsubaP3NgWwUQ==",
      "funding": [
        {
          "type": "patreon",
          "url": "https://www.patreon.com/swiperjs"
        },
        {
          "type": "open_collective",
          "url": "http://opencollective.com/swiper"
        }
      ],
      "dependencies": {
        "ssr-window": "^4.0.2"
      },
      "engines": {
        "node": ">= 4.7.0"
      }
    }
  },
  "dependencies": {
    "ssr-window": {
      "version": "4.0.2",
      "resolved": "https://registry.npmjs.org/ssr-window/-/ssr-window-4.0.2.tgz",
      "integrity": "sha512-ISv/Ch+ig7SOtw7G2+qkwfVASzazUnvlDTwypdLoPoySv+6MqlOV10VwPSE6EWkGjhW50lUmghPmpYZXMu/+AQ=="
    },
    "swiper": {
      "version": "9.0.2",
      "resolved": "https://registry.npmjs.org/swiper/-/swiper-9.0.2.tgz",
      "integrity": "sha512-6iGqr9OeEMU7KVfGxXNW+xhVWmqvVhtt+1nnqbZ0a0i1p/S1rXgr9cPD55k7DFxeOojVHkiEqmsubaP3NgWwUQ==",
      "requires": {
        "ssr-window": "^4.0.2"
      }
    }
  }
}
